version = 1
revision = 3
requires-python = "==3.12.*"

[[package]]
name = "agate"
version = "1.9.1"
source = { registry = "https://pkgs.dev.azure.com/meretringwald/private-feed/_packaging/private-packages/pypi/simple/" }
dependencies = [
    { name = "babel" },
    { name = "isodate" },
    { name = "leather" },
    { name = "parsedatetime" },
    { name = "python-slugify" },
    { name = "pytimeparse" },
    { name = "tzdata", marker = "sys_platform == 'win32'" },
]
wheels = [
    { url = "https://pkgs.dev.azure.com/meretringwald/cf57dc2c-1a1a-41ea-9d1d-db655e619d61/_packaging/1982746b-8f15-47cb-9c07-236d7c6f383e/pypi/download/agate/1.9.1/agate-1.9.1-py2.py3-none-any.whl", hash = "sha256:1cf329510b3dde07c4ad1740b7587c9c679abc3dcd92bb1107eabc10c2e03c50" },
]

[[package]]
name = "annotated-types"
version = "0.7.0"
source = { registry = "https://pkgs.dev.azure.com/meretringwald/private-feed/_packaging/private-packages/pypi/simple/" }
wheels = [
    { url = "https://pkgs.dev.azure.com/meretringwald/cf57dc2c-1a1a-41ea-9d1d-db655e619d61/_packaging/1982746b-8f15-47cb-9c07-236d7c6f383e/pypi/download/annotated-types/0.7/annotated_types-0.7.0-py3-none-any.whl", hash = "sha256:1f02e8b43a8fbbc3f3e0d4f0f4bfc8131bcb4eebe8849b8e5c773f3a1c582a53" },
]

[[package]]
name = "arbeitsplatz"
version = "1.0.0"
source = { editable = "." }
dependencies = [
    { name = "dbt-databricks" },
    { name = "ruff" },
]

[package.metadata]
requires-dist = [
    { name = "dbt-databricks" },
    { name = "ruff" },
]

[[package]]
name = "attrs"
version = "26.1.0"
source = { registry = "https://pkgs.dev.azure.com/meretringwald/private-feed/_packaging/private-packages/pypi/simple/" }
wheels = [
    { url = "https://pkgs.dev.azure.com/meretringwald/cf57dc2c-1a1a-41ea-9d1d-db655e619d61/_packaging/1982746b-8f15-47cb-9c07-236d7c6f383e/pypi/download/attrs/26.1/attrs-26.1.0-py3-none-any.whl", hash = "sha256:c647aa4a12dfbad9333ca4e71fe62ddc36f4e63b2d260a37a8b83d2f043ac309" },
]

[[package]]
name = "babel"
version = "2.18.0"
source = { registry = "https://pkgs.dev.azure.com/meretringwald/private-feed/_packaging/private-packages/pypi/simple/" }
wheels = [
    { url = "https://pkgs.dev.azure.com/meretringwald/cf57dc2c-1a1a-41ea-9d1d-db655e619d61/_packaging/1982746b-8f15-47cb-9c07-236d7c6f383e/pypi/download/babel/2.18/babel-2.18.0-py3-none-any.whl", hash = "sha256:e2b422b277c2b9a9630c1d7903c2a00d0830c409c59ac8cae9081c92f1aeba35" },
]

[[package]]
name = "certifi"
version = "2026.5.20"
source = { registry = "https://pkgs.dev.azure.com/meretringwald/private-feed/_packaging/private-packages/pypi/simple/" }
wheels = [
    { url = "https://pkgs.dev.azure.com/meretringwald/cf57dc2c-1a1a-41ea-9d1d-db655e619d61/_packaging/1982746b-8f15-47cb-9c07-236d7c6f383e/pypi/download/certifi/2026.5.20/certifi-2026.5.20-py3-none-any.whl", hash = "sha256:3c52e209ba0a4ad7aebe60436a4ab349c39e1e602e8c134221e546902ad25897" },
]

[[package]]
name = "cffi"
version = "2.0.0"
source = { registry = "https://pkgs.dev.azure.com/meretringwald/private-feed/_packaging/private-packages/pypi/simple/" }
dependencies = [
    { name = "pycparser", marker = "implementation_name != 'PyPy'" },
]
wheels = [
    { url = "https://pkgs.dev.azure.com/meretringwald/cf57dc2c-1a1a-41ea-9d1d-db655e619d61/_packaging/1982746b-8f15-47cb-9c07-236d7c6f383e/pypi/download/cffi/2/cffi-2.0.0-cp312-cp312-macosx_11_0_arm64.whl", hash = "sha256:8eca2a813c1cb7ad4fb74d368c2ffbbb4789d377ee5bb8df98373c2cc0dee76c" },
    { url = "https://pkgs.dev.azure.com/meretringwald/cf57dc2c-1a1a-41ea-9d1d-db655e619d61/_packaging/1982746b-8f15-47cb-9c07-236d7c6f383e/pypi/download/cffi/2/cffi-2.0.0-cp312-cp312-manylinux2014_x86_64.manylinux_2_17_x86_64.whl", hash = "sha256:3e17ed538242334bf70832644a32a7aae3d83b57567f9fd60a26257e992b79ba" },
]

[[package]]
name = "charset-normalizer"
version = "3.4.7"
source = { registry = "https://pkgs.dev.azure.com/meretringwald/private-feed/_packaging/private-packages/pypi/simple/" }
wheels = [
    { url = "https://pkgs.dev.azure.com/meretringwald/cf57dc2c-1a1a-41ea-9d1d-db655e619d61/_packaging/1982746b-8f15-47cb-9c07-236d7c6f383e/pypi/download/charset-normalizer/3.4.7/charset_normalizer-3.4.7-cp312-cp312-macosx_10_13_universal2.whl", hash = "sha256:eca9705049ad3c7345d574e3510665cb2cf844c2f2dcfe675332677f081cbd46" },
    { url = "https://pkgs.dev.azure.com/meretringwald/cf57dc2c-1a1a-41ea-9d1d-db655e619d61/_packaging/1982746b-8f15-47cb-9c07-236d7c6f383e/pypi/download/charset-normalizer/3.4.7/charset_normalizer-3.4.7-cp312-cp312-manylinux2014_x86_64.manylinux_2_17_x86_64.manylinux_2_28_x86_64.whl", hash = "sha256:5649fd1c7bade02f320a462fdefd0b4bd3ce036065836d4f42e0de958038e116" },
]

[[package]]
name = "click"
version = "8.4.1"
source = { registry = "https://pkgs.dev.azure.com/meretringwald/private-feed/_packaging/private-packages/pypi/simple/" }
dependencies = [
    { name = "colorama", marker = "sys_platform == 'win32'" },
]
wheels = [
    { url = "https://pkgs.dev.azure.com/meretringwald/cf57dc2c-1a1a-41ea-9d1d-db655e619d61/_packaging/1982746b-8f15-47cb-9c07-236d7c6f383e/pypi/download/click/8.4.1/click-8.4.1-py3-none-any.whl", hash = "sha256:482be17c6991b8c19c5429a1e995d9b0efdbb63172824c41f99965dc0ade8ec2" },
]

[[package]]
name = "colorama"
version = "0.4.6"
source = { registry = "https://pkgs.dev.azure.com/meretringwald/private-feed/_packaging/private-packages/pypi/simple/" }
wheels = [
    { url = "https://pkgs.dev.azure.com/meretringwald/cf57dc2c-1a1a-41ea-9d1d-db655e619d61/_packaging/1982746b-8f15-47cb-9c07-236d7c6f383e/pypi/download/colorama/0.4.6/colorama-0.4.6-py2.py3-none-any.whl", hash = "sha256:4f1d9991f5acc0ca119f9d443620b77f9d6b33703e51011c16baf57afb285fc6" },
]

[[package]]
name = "cryptography"
version = "48.0.1"
source = { registry = "https://pkgs.dev.azure.com/meretringwald/private-feed/_packaging/private-packages/pypi/simple/" }
dependencies = [
    { name = "cffi", marker = "platform_python_implementation != 'PyPy'" },
]
wheels = [
    { url = "https://pkgs.dev.azure.com/meretringwald/cf57dc2c-1a1a-41ea-9d1d-db655e619d61/_packaging/1982746b-8f15-47cb-9c07-236d7c6f383e/pypi/download/cryptography/48.0.1/cryptography-48.0.1-cp311-abi3-macosx_10_9_universal2.whl", hash = "sha256:3e4a1a3232eef2e6c732827d5722db29a0cc8b27af2a4d865b094cf954be9ca1" },
    { url = "https://pkgs.dev.azure.com/meretringwald/cf57dc2c-1a1a-41ea-9d1d-db655e619d61/_packaging/1982746b-8f15-47cb-9c07-236d7c6f383e/pypi/download/cryptography/48.0.1/cryptography-48.0.1-cp311-abi3-manylinux_2_34_x86_64.whl", hash = "sha256:0ee6ea481db1ab889cba043ec1eda17bb9c1ea79db6722f779c3667f9f70322f" },
]

[[package]]
name = "daff"
version = "1.4.2"
source = { registry = "https://pkgs.dev.azure.com/meretringwald/private-feed/_packaging/private-packages/pypi/simple/" }
wheels = [
    { url = "https://pkgs.dev.azure.com/meretringwald/cf57dc2c-1a1a-41ea-9d1d-db655e619d61/_packaging/1982746b-8f15-47cb-9c07-236d7c6f383e/pypi/download/daff/1.4.2/daff-1.4.2-py3-none-any.whl", hash = "sha256:88981a21d065e4378b5c4bd40b975dbfdea9b7ff540071f3bb5e20cc8b3590b5" },
]

[[package]]
name = "databricks-sdk"
version = "0.104.0"
source = { registry = "https://pkgs.dev.azure.com/meretringwald/private-feed/_packaging/private-packages/pypi/simple/" }
dependencies = [
    { name = "google-auth" },
    { name = "protobuf" },
    { name = "requests" },
]
wheels = [
    { url = "https://pkgs.dev.azure.com/meretringwald/cf57dc2c-1a1a-41ea-9d1d-db655e619d61/_packaging/1982746b-8f15-47cb-9c07-236d7c6f383e/pypi/download/databricks-sdk/0.104/databricks_sdk-0.104.0-py3-none-any.whl", hash = "sha256:37d1b7b123c027ca4a2e6c783036f932956a354ca92d26076a4fcfab9a58caa7" },
]

[[package]]
name = "databricks-sql-connector"
version = "4.2.6"
source = { registry = "https://pkgs.dev.azure.com/meretringwald/private-feed/_packaging/private-packages/pypi/simple/" }
dependencies = [
    { name = "lz4" },
    { name = "oauthlib" },
    { name = "openpyxl" },
    { name = "pandas" },
    { name = "pybreaker" },
    { name = "pyjwt" },
    { name = "python-dateutil" },
    { name = "requests" },
    { name = "thrift" },
    { name = "urllib3" },
]
wheels = [
    { url = "https://pkgs.dev.azure.com/meretringwald/cf57dc2c-1a1a-41ea-9d1d-db655e619d61/_packaging/1982746b-8f15-47cb-9c07-236d7c6f383e/pypi/download/databricks-sql-connector/4.2.6/databricks_sql_connector-4.2.6-py3-none-any.whl", hash = "sha256:61e0f425c990a0ec52c31165ea7dd0582cc0ad90c5fbd5fc9bea59bb38faeb00" },
]

[package.optional-dependencies]
pyarrow = [
    { name = "pyarrow" },
]

[[package]]
name = "dbt-adapters"
version = "1.22.10"
source = { registry = "https://pkgs.dev.azure.com/meretringwald/private-feed/_packaging/private-packages/pypi/simple/" }
dependencies = [
    { name = "agate" },
    { name = "dbt-common" },
    { name = "dbt-protos" },
    { name = "mashumaro", extra = ["msgpack"] },
    { name = "protobuf" },
    { name = "pytz" },
    { name = "typing-extensions" },
]
wheels = [
    { url = "https://pkgs.dev.azure.com/meretringwald/cf57dc2c-1a1a-41ea-9d1d-db655e619d61/_packaging/1982746b-8f15-47cb-9c07-236d7c6f383e/pypi/download/dbt-adapters/1.22.10/dbt_adapters-1.22.10-py3-none-any.whl", hash = "sha256:9217a2f8dd35425cafc9093dae70ea12b4b8fc414e3abce8a44d44d5c2fff563" },
]

[[package]]
name = "dbt-common"
version = "1.37.5"
source = { registry = "https://pkgs.dev.azure.com/meretringwald/private-feed/_packaging/private-packages/pypi/simple/" }
dependencies = [
    { name = "agate" },
    { name = "colorama" },
    { name = "dbt-protos" },
    { name = "deepdiff" },
    { name = "isodate" },
    { name = "jinja2" },
    { name = "jsonschema" },
    { name = "mashumaro", extra = ["msgpack"] },
    { name = "pathspec" },
    { name = "protobuf" },
    { name = "python-dateutil" },
    { name = "requests" },
    { name = "typing-extensions" },
]
wheels = [
    { url = "https://pkgs.dev.azure.com/meretringwald/cf57dc2c-1a1a-41ea-9d1d-db655e619d61/_packaging/1982746b-8f15-47cb-9c07-236d7c6f383e/pypi/download/dbt-common/1.37.5/dbt_common-1.37.5-py3-none-any.whl", hash = "sha256:432e3f2f9ca61eace65d4d1cb99a715c3ffc343b7190a692c39f126eedf0c077" },
]

[[package]]
name = "dbt-core"
version = "1.11.11"
source = { registry = "https://pkgs.dev.azure.com/meretringwald/private-feed/_packaging/private-packages/pypi/simple/" }
dependencies = [
    { name = "agate" },
    { name = "click" },
    { name = "daff" },
    { name = "dbt-adapters" },
    { name = "dbt-common" },
    { name = "dbt-extractor" },
    { name = "dbt-protos" },
    { name = "dbt-semantic-interfaces" },
    { name = "jinja2" },
    { name = "jsonschema" },
    { name = "mashumaro", extra = ["msgpack"] },
    { name = "networkx" },
    { name = "packaging" },
    { name = "pathspec" },
    { name = "protobuf" },
    { name = "pydantic" },
    { name = "pytz" },
    { name = "pyyaml" },
    { name = "requests" },
    { name = "snowplow-tracker" },
    { name = "sqlparse" },
    { name = "typing-extensions" },
]
wheels = [
    { url = "https://pkgs.dev.azure.com/meretringwald/cf57dc2c-1a1a-41ea-9d1d-db655e619d61/_packaging/1982746b-8f15-47cb-9c07-236d7c6f383e/pypi/download/dbt-core/1.11.11/dbt_core-1.11.11-py3-none-any.whl", hash = "sha256:7f9e11f3f5400e20f40f544440800ace23fa0755086f87b08e9446181f8720e1" },
]

[[package]]
name = "dbt-databricks"
version = "1.12.1"
source = { registry = "https://pkgs.dev.azure.com/meretringwald/private-feed/_packaging/private-packages/pypi/simple/" }
dependencies = [
    { name = "click" },
    { name = "databricks-sdk" },
    { name = "databricks-sql-connector", extra = ["pyarrow"] },
    { name = "dbt-adapters" },
    { name = "dbt-common" },
    { name = "dbt-core" },
    { name = "dbt-spark" },
    { name = "keyring" },
    { name = "packaging" },
    { name = "pydantic" },
]
wheels = [
    { url = "https://pkgs.dev.azure.com/meretringwald/cf57dc2c-1a1a-41ea-9d1d-db655e619d61/_packaging/1982746b-8f15-47cb-9c07-236d7c6f383e/pypi/download/dbt-databricks/1.12.1/dbt_databricks-1.12.1-py3-none-any.whl", hash = "sha256:6bc6cd3682b7b9b7d7910fcc7b066dfcdf60a6b455d406fb6a1f2692597efb06" },
]

[[package]]
name = "dbt-extractor"
version = "0.6.0"
source = { registry = "https://pkgs.dev.azure.com/meretringwald/private-feed/_packaging/private-packages/pypi/simple/" }
wheels = [
    { url = "https://pkgs.dev.azure.com/meretringwald/cf57dc2c-1a1a-41ea-9d1d-db655e619d61/_packaging/1982746b-8f15-47cb-9c07-236d7c6f383e/pypi/download/dbt-extractor/0.6/dbt_extractor-0.6.0-cp39-abi3-macosx_10_12_x86_64.macosx_11_0_arm64.macosx_10_12_universal2.whl", hash = "sha256:4b6b1e70dde78cb904ca7a8958c2c803e77779b6ce108f4ea7ac479f5700db89" },
    { url = "https://pkgs.dev.azure.com/meretringwald/cf57dc2c-1a1a-41ea-9d1d-db655e619d61/_packaging/1982746b-8f15-47cb-9c07-236d7c6f383e/pypi/download/dbt-extractor/0.6/dbt_extractor-0.6.0-cp39-abi3-manylinux_2_17_x86_64.manylinux2014_x86_64.whl", hash = "sha256:aecfa43f7e6f139e76d47e4e1d7b189655ae19a8cf697686230bacb89a94ae74" },
]

[[package]]
name = "dbt-protos"
version = "1.0.514"
source = { registry = "https://pkgs.dev.azure.com/meretringwald/private-feed/_packaging/private-packages/pypi/simple/" }
dependencies = [
    { name = "protobuf" },
]
wheels = [
    { url = "https://pkgs.dev.azure.com/meretringwald/cf57dc2c-1a1a-41ea-9d1d-db655e619d61/_packaging/1982746b-8f15-47cb-9c07-236d7c6f383e/pypi/download/dbt-protos/1.0.514/dbt_protos-1.0.514-py3-none-any.whl", hash = "sha256:824c442f3be40d1048ac3969bda04564906c7103e20a0f3991a52e7b7d8b87cc" },
]

[[package]]
name = "dbt-semantic-interfaces"
version = "0.9.0"
source = { registry = "https://pkgs.dev.azure.com/meretringwald/private-feed/_packaging/private-packages/pypi/simple/" }
dependencies = [
    { name = "click" },
    { name = "importlib-metadata" },
    { name = "jinja2" },
    { name = "jsonschema" },
    { name = "more-itertools" },
    { name = "pydantic" },
    { name = "python-dateutil" },
    { name = "pyyaml" },
    { name = "typing-extensions" },
]
wheels = [
    { url = "https://pkgs.dev.azure.com/meretringwald/cf57dc2c-1a1a-41ea-9d1d-db655e619d61/_packaging/1982746b-8f15-47cb-9c07-236d7c6f383e/pypi/download/dbt-semantic-interfaces/0.9/dbt_semantic_interfaces-0.9.0-py3-none-any.whl", hash = "sha256:1b54c06ba89190a47a7f0563360930a0cce869e55b484ca09d261ade0e319155" },
]

[[package]]
name = "dbt-spark"
version = "1.10.1"
source = { registry = "https://pkgs.dev.azure.com/meretringwald/private-feed/_packaging/private-packages/pypi/simple/" }
dependencies = [
    { name = "dbt-adapters" },
    { name = "dbt-common" },
    { name = "dbt-core" },
    { name = "sqlparams" },
]
wheels = [
    { url = "https://pkgs.dev.azure.com/meretringwald/cf57dc2c-1a1a-41ea-9d1d-db655e619d61/_packaging/1982746b-8f15-47cb-9c07-236d7c6f383e/pypi/download/dbt-spark/1.10.1/dbt_spark-1.10.1-py3-none-any.whl", hash = "sha256:6904822cad26014ecdc93d52b8d288ef10c8354f58da55d33baf702b707bd9f9" },
]

[[package]]
name = "deepdiff"
version = "8.6.2"
source = { registry = "https://pkgs.dev.azure.com/meretringwald/private-feed/_packaging/private-packages/pypi/simple/" }
dependencies = [
    { name = "orderly-set" },
]
wheels = [
    { url = "https://pkgs.dev.azure.com/meretringwald/cf57dc2c-1a1a-41ea-9d1d-db655e619d61/_packaging/1982746b-8f15-47cb-9c07-236d7c6f383e/pypi/download/deepdiff/8.6.2/deepdiff-8.6.2-py3-none-any.whl", hash = "sha256:4d22034a866c3928303a9332c279362f714192d9305bac17c498720d095fd1b4" },
]

[[package]]
name = "et-xmlfile"
version = "2.0.0"
source = { registry = "https://pkgs.dev.azure.com/meretringwald/private-feed/_packaging/private-packages/pypi/simple/" }
wheels = [
    { url = "https://pkgs.dev.azure.com/meretringwald/cf57dc2c-1a1a-41ea-9d1d-db655e619d61/_packaging/1982746b-8f15-47cb-9c07-236d7c6f383e/pypi/download/et-xmlfile/2/et_xmlfile-2.0.0-py3-none-any.whl", hash = "sha256:7a91720bc756843502c3b7504c77b8fe44217c85c537d85037f0f536151b2caa" },
]

[[package]]
name = "google-auth"
version = "2.53.0"
source = { registry = "https://pkgs.dev.azure.com/meretringwald/private-feed/_packaging/private-packages/pypi/simple/" }
dependencies = [
    { name = "cryptography" },
    { name = "pyasn1-modules" },
]
wheels = [
    { url = "https://pkgs.dev.azure.com/meretringwald/cf57dc2c-1a1a-41ea-9d1d-db655e619d61/_packaging/1982746b-8f15-47cb-9c07-236d7c6f383e/pypi/download/google-auth/2.53/google_auth-2.53.0-py3-none-any.whl", hash = "sha256:6e7449917c599b35126a99ec268ec6880301f2fea41dce198fe8fd83ff642b68" },
]

[[package]]
name = "idna"
version = "3.18"
source = { registry = "https://pkgs.dev.azure.com/meretringwald/private-feed/_packaging/private-packages/pypi/simple/" }
wheels = [
    { url = "https://pkgs.dev.azure.com/meretringwald/cf57dc2c-1a1a-41ea-9d1d-db655e619d61/_packaging/1982746b-8f15-47cb-9c07-236d7c6f383e/pypi/download/idna/3.18/idna-3.18-py3-none-any.whl", hash = "sha256:7f952cbe720b688055e3f87de14f5c3e5fdaa8bc3928985c4077ca689de849a2" },
]

[[package]]
name = "importlib-metadata"
version = "8.9.0"
source = { registry = "https://pkgs.dev.azure.com/meretringwald/private-feed/_packaging/private-packages/pypi/simple/" }
dependencies = [
    { name = "zipp" },
]
wheels = [
    { url = "https://pkgs.dev.azure.com/meretringwald/cf57dc2c-1a1a-41ea-9d1d-db655e619d61/_packaging/1982746b-8f15-47cb-9c07-236d7c6f383e/pypi/download/importlib-metadata/8.9/importlib_metadata-8.9.0-py3-none-any.whl", hash = "sha256:e0f761b6ea91ced3b0844c14c9d955224d538105921f8e6754c00f6ca79fba7f" },
]

[[package]]
name = "isodate"
version = "0.7.2"
source = { registry = "https://pkgs.dev.azure.com/meretringwald/private-feed/_packaging/private-packages/pypi/simple/" }
wheels = [
    { url = "https://pkgs.dev.azure.com/meretringwald/cf57dc2c-1a1a-41ea-9d1d-db655e619d61/_packaging/1982746b-8f15-47cb-9c07-236d7c6f383e/pypi/download/isodate/0.7.2/isodate-0.7.2-py3-none-any.whl", hash = "sha256:28009937d8031054830160fce6d409ed342816b543597cece116d966c6d99e15" },
]

[[package]]
name = "jaraco-classes"
version = "3.4.0"
source = { registry = "https://pkgs.dev.azure.com/meretringwald/private-feed/_packaging/private-packages/pypi/simple/" }
dependencies = [
    { name = "more-itertools" },
]
wheels = [
    { url = "https://pkgs.dev.azure.com/meretringwald/cf57dc2c-1a1a-41ea-9d1d-db655e619d61/_packaging/1982746b-8f15-47cb-9c07-236d7c6f383e/pypi/download/jaraco-classes/3.4/jaraco.classes-3.4.0-py3-none-any.whl", hash = "sha256:f662826b6bed8cace05e7ff873ce0f9283b5c924470fe664fff1c2f00f581790" },
]

[[package]]
name = "jaraco-context"
version = "6.1.2"
source = { registry = "https://pkgs.dev.azure.com/meretringwald/private-feed/_packaging/private-packages/pypi/simple/" }
wheels = [
    { url = "https://pkgs.dev.azure.com/meretringwald/cf57dc2c-1a1a-41ea-9d1d-db655e619d61/_packaging/1982746b-8f15-47cb-9c07-236d7c6f383e/pypi/download/jaraco-context/6.1.2/jaraco_context-6.1.2-py3-none-any.whl", hash = "sha256:bf8150b79a2d5d91ae48629d8b427a8f7ba0e1097dd6202a9059f29a36379535" },
]

[[package]]
name = "jaraco-functools"
version = "4.5.0"
source = { registry = "https://pkgs.dev.azure.com/meretringwald/private-feed/_packaging/private-packages/pypi/simple/" }
dependencies = [
    { name = "more-itertools" },
]
wheels = [
    { url = "https://pkgs.dev.azure.com/meretringwald/cf57dc2c-1a1a-41ea-9d1d-db655e619d61/_packaging/1982746b-8f15-47cb-9c07-236d7c6f383e/pypi/download/jaraco-functools/4.5/jaraco_functools-4.5.0-py3-none-any.whl", hash = "sha256:79ce39246eddbde4b3a03b77ea5f0f7878dc669b166a66cf3fa8e266aa3fa2f4" },
]

[[package]]
name = "jeepney"
version = "0.9.0"
source = { registry = "https://pkgs.dev.azure.com/meretringwald/private-feed/_packaging/private-packages/pypi/simple/" }
wheels = [
    { url = "https://pkgs.dev.azure.com/meretringwald/cf57dc2c-1a1a-41ea-9d1d-db655e619d61/_packaging/1982746b-8f15-47cb-9c07-236d7c6f383e/pypi/download/jeepney/0.9/jeepney-0.9.0-py3-none-any.whl", hash = "sha256:97e5714520c16fc0a45695e5365a2e11b81ea79bba796e26f9f1d178cb182683" },
]

[[package]]
name = "jinja2"
version = "3.1.6"
source = { registry = "https://pkgs.dev.azure.com/meretringwald/private-feed/_packaging/private-packages/pypi/simple/" }
dependencies = [
    { name = "markupsafe" },
]
wheels = [
    { url = "https://pkgs.dev.azure.com/meretringwald/cf57dc2c-1a1a-41ea-9d1d-db655e619d61/_packaging/1982746b-8f15-47cb-9c07-236d7c6f383e/pypi/download/jinja2/3.1.6/jinja2-3.1.6-py3-none-any.whl", hash = "sha256:85ece4451f492d0c13c5dd7c13a64681a86afae63a5f347908daf103ce6d2f67" },
]

[[package]]
name = "jsonschema"
version = "4.26.0"
source = { registry = "https://pkgs.dev.azure.com/meretringwald/private-feed/_packaging/private-packages/pypi/simple/" }
dependencies = [
    { name = "attrs" },
    { name = "jsonschema-specifications" },
    { name = "referencing" },
    { name = "rpds-py" },
]
wheels = [
    { url = "https://pkgs.dev.azure.com/meretringwald/cf57dc2c-1a1a-41ea-9d1d-db655e619d61/_packaging/1982746b-8f15-47cb-9c07-236d7c6f383e/pypi/download/jsonschema/4.26/jsonschema-4.26.0-py3-none-any.whl", hash = "sha256:d489f15263b8d200f8387e64b4c3a75f06629559fb73deb8fdfb525f2dab50ce" },
]

[[package]]
name = "jsonschema-specifications"
version = "2025.9.1"
source = { registry = "https://pkgs.dev.azure.com/meretringwald/private-feed/_packaging/private-packages/pypi/simple/" }
dependencies = [
    { name = "referencing" },
]
wheels = [
    { url = "https://pkgs.dev.azure.com/meretringwald/cf57dc2c-1a1a-41ea-9d1d-db655e619d61/_packaging/1982746b-8f15-47cb-9c07-236d7c6f383e/pypi/download/jsonschema-specifications/2025.9.1/jsonschema_specifications-2025.9.1-py3-none-any.whl", hash = "sha256:98802fee3a11ee76ecaca44429fda8a41bff98b00a0f2838151b113f210cc6fe" },
]

[[package]]
name = "keyring"
version = "25.5.0"
source = { registry = "https://pkgs.dev.azure.com/meretringwald/private-feed/_packaging/private-packages/pypi/simple/" }
dependencies = [
    { name = "jaraco-classes" },
    { name = "jaraco-context" },
    { name = "jaraco-functools" },
    { name = "jeepney", marker = "sys_platform == 'linux'" },
    { name = "pywin32-ctypes", marker = "sys_platform == 'win32'" },
    { name = "secretstorage", marker = "sys_platform == 'linux'" },
]
wheels = [
    { url = "https://pkgs.dev.azure.com/meretringwald/cf57dc2c-1a1a-41ea-9d1d-db655e619d61/_packaging/1982746b-8f15-47cb-9c07-236d7c6f383e/pypi/download/keyring/25.5/keyring-25.5.0-py3-none-any.whl", hash = "sha256:e67f8ac32b04be4714b42fe84ce7dad9c40985b9ca827c592cc303e7c26d9741" },
]

[[package]]
name = "leather"
version = "0.4.1"
source = { registry = "https://pkgs.dev.azure.com/meretringwald/private-feed/_packaging/private-packages/pypi/simple/" }
wheels = [
    { url = "https://pkgs.dev.azure.com/meretringwald/cf57dc2c-1a1a-41ea-9d1d-db655e619d61/_packaging/1982746b-8f15-47cb-9c07-236d7c6f383e/pypi/download/leather/0.4.1/leather-0.4.1-py3-none-any.whl", hash = "sha256:ec61cba1ca3ccb96ed90e38b116fc58757d97d352171006b3288c47ce3fbd183" },
]

[[package]]
name = "lz4"
version = "4.4.5"
source = { registry = "https://pkgs.dev.azure.com/meretringwald/private-feed/_packaging/private-packages/pypi/simple/" }
wheels = [
    { url = "https://pkgs.dev.azure.com/meretringwald/cf57dc2c-1a1a-41ea-9d1d-db655e619d61/_packaging/1982746b-8f15-47cb-9c07-236d7c6f383e/pypi/download/lz4/4.4.5/lz4-4.4.5-cp312-cp312-macosx_11_0_arm64.whl", hash = "sha256:6d0bf51e7745484d2092b3a51ae6eb58c3bd3ce0300cf2b2c14f76c536d5697a" },
    { url = "https://pkgs.dev.azure.com/meretringwald/cf57dc2c-1a1a-41ea-9d1d-db655e619d61/_packaging/1982746b-8f15-47cb-9c07-236d7c6f383e/pypi/download/lz4/4.4.5/lz4-4.4.5-cp312-cp312-manylinux2014_x86_64.manylinux_2_17_x86_64.manylinux_2_28_x86_64.whl", hash = "sha256:24092635f47538b392c4eaeff14c7270d2c8e806bf4be2a6446a378591c5e69e" },
]

[[package]]
name = "markupsafe"
version = "3.0.3"
source = { registry = "https://pkgs.dev.azure.com/meretringwald/private-feed/_packaging/private-packages/pypi/simple/" }
wheels = [
    { url = "https://pkgs.dev.azure.com/meretringwald/cf57dc2c-1a1a-41ea-9d1d-db655e619d61/_packaging/1982746b-8f15-47cb-9c07-236d7c6f383e/pypi/download/markupsafe/3.0.3/markupsafe-3.0.3-cp312-cp312-macosx_11_0_arm64.whl", hash = "sha256:1872df69a4de6aead3491198eaf13810b565bdbeec3ae2dc8780f14458ec73ce" },
    { url = "https://pkgs.dev.azure.com/meretringwald/cf57dc2c-1a1a-41ea-9d1d-db655e619d61/_packaging/1982746b-8f15-47cb-9c07-236d7c6f383e/pypi/download/markupsafe/3.0.3/markupsafe-3.0.3-cp312-cp312-manylinux2014_x86_64.manylinux_2_17_x86_64.manylinux_2_28_x86_64.whl", hash = "sha256:d6dd0be5b5b189d31db7cda48b91d7e0a9795f31430b7f271219ab30f1d3ac9d" },
]

[[package]]
name = "mashumaro"
version = "3.14"
source = { registry = "https://pkgs.dev.azure.com/meretringwald/private-feed/_packaging/private-packages/pypi/simple/" }
dependencies = [
    { name = "typing-extensions" },
]
wheels = [
    { url = "https://pkgs.dev.azure.com/meretringwald/cf57dc2c-1a1a-41ea-9d1d-db655e619d61/_packaging/1982746b-8f15-47cb-9c07-236d7c6f383e/pypi/download/mashumaro/3.14/mashumaro-3.14-py3-none-any.whl", hash = "sha256:c12a649599a8f7b1a0b35d18f12e678423c3066189f7bc7bd8dd431c5c8132c3" },
]

[package.optional-dependencies]
msgpack = [
    { name = "msgpack" },
]

[[package]]
name = "more-itertools"
version = "10.8.0"
source = { registry = "https://pkgs.dev.azure.com/meretringwald/private-feed/_packaging/private-packages/pypi/simple/" }
wheels = [
    { url = "https://pkgs.dev.azure.com/meretringwald/cf57dc2c-1a1a-41ea-9d1d-db655e619d61/_packaging/1982746b-8f15-47cb-9c07-236d7c6f383e/pypi/download/more-itertools/10.8/more_itertools-10.8.0-py3-none-any.whl", hash = "sha256:52d4362373dcf7c52546bc4af9a86ee7c4579df9a8dc268be0a2f949d376cc9b" },
]

[[package]]
name = "msgpack"
version = "1.2.0"
source = { registry = "https://pkgs.dev.azure.com/meretringwald/private-feed/_packaging/private-packages/pypi/simple/" }
wheels = [
    { url = "https://pkgs.dev.azure.com/meretringwald/cf57dc2c-1a1a-41ea-9d1d-db655e619d61/_packaging/1982746b-8f15-47cb-9c07-236d7c6f383e/pypi/download/msgpack/1.2/msgpack-1.2.0-cp312-cp312-macosx_11_0_arm64.whl", hash = "sha256:0347e3ac0dfee99086d3b68fe959da3f5f657c0019ddbaeaaa259a85f8603422" },
]

[[package]]
name = "networkx"
version = "3.6.1"
source = { registry = "https://pkgs.dev.azure.com/meretringwald/private-feed/_packaging/private-packages/pypi/simple/" }
wheels = [
    { url = "https://pkgs.dev.azure.com/meretringwald/cf57dc2c-1a1a-41ea-9d1d-db655e619d61/_packaging/1982746b-8f15-47cb-9c07-236d7c6f383e/pypi/download/networkx/3.6.1/networkx-3.6.1-py3-none-any.whl", hash = "sha256:d47fbf302e7d9cbbb9e2555a0d267983d2aa476bac30e90dfbe5669bd57f3762" },
]

[[package]]
name = "numpy"
version = "2.4.6"
source = { registry = "https://pkgs.dev.azure.com/meretringwald/private-feed/_packaging/private-packages/pypi/simple/" }
wheels = [
    { url = "https://pkgs.dev.azure.com/meretringwald/cf57dc2c-1a1a-41ea-9d1d-db655e619d61/_packaging/1982746b-8f15-47cb-9c07-236d7c6f383e/pypi/download/numpy/2.4.6/numpy-2.4.6-cp312-cp312-macosx_14_0_arm64.whl", hash = "sha256:3213d622a0283a39a93d188f3cf72b26862df52fbb4ca3697f51705016523d41" },
    { url = "https://pkgs.dev.azure.com/meretringwald/cf57dc2c-1a1a-41ea-9d1d-db655e619d61/_packaging/1982746b-8f15-47cb-9c07-236d7c6f383e/pypi/download/numpy/2.4.6/numpy-2.4.6-cp312-cp312-manylinux_2_27_x86_64.manylinux_2_28_x86_64.whl", hash = "sha256:90f9849678c75fe7afa2d348ac842c168b0a4d3d61919687216dfc547976d853" },
]

[[package]]
name = "oauthlib"
version = "3.3.1"
source = { registry = "https://pkgs.dev.azure.com/meretringwald/private-feed/_packaging/private-packages/pypi/simple/" }
wheels = [
    { url = "https://pkgs.dev.azure.com/meretringwald/cf57dc2c-1a1a-41ea-9d1d-db655e619d61/_packaging/1982746b-8f15-47cb-9c07-236d7c6f383e/pypi/download/oauthlib/3.3.1/oauthlib-3.3.1-py3-none-any.whl", hash = "sha256:88119c938d2b8fb88561af5f6ee0eec8cc8d552b7bb1f712743136eb7523b7a1" },
]

[[package]]
name = "openpyxl"
version = "3.1.5"
source = { registry = "https://pkgs.dev.azure.com/meretringwald/private-feed/_packaging/private-packages/pypi/simple/" }
dependencies = [
    { name = "et-xmlfile" },
]
wheels = [
    { url = "https://pkgs.dev.azure.com/meretringwald/cf57dc2c-1a1a-41ea-9d1d-db655e619d61/_packaging/1982746b-8f15-47cb-9c07-236d7c6f383e/pypi/download/openpyxl/3.1.5/openpyxl-3.1.5-py2.py3-none-any.whl", hash = "sha256:5282c12b107bffeef825f4617dc029afaf41d0ea60823bbb665ef3079dc79de2" },
]

[[package]]
name = "orderly-set"
version = "5.5.0"
source = { registry = "https://pkgs.dev.azure.com/meretringwald/private-feed/_packaging/private-packages/pypi/simple/" }
wheels = [
    { url = "https://pkgs.dev.azure.com/meretringwald/cf57dc2c-1a1a-41ea-9d1d-db655e619d61/_packaging/1982746b-8f15-47cb-9c07-236d7c6f383e/pypi/download/orderly-set/5.5/orderly_set-5.5.0-py3-none-any.whl", hash = "sha256:46f0b801948e98f427b412fcabb831677194c05c3b699b80de260374baa0b1e7" },
]

[[package]]
name = "packaging"
version = "25.0"
source = { registry = "https://pkgs.dev.azure.com/meretringwald/private-feed/_packaging/private-packages/pypi/simple/" }
wheels = [
    { url = "https://pkgs.dev.azure.com/meretringwald/cf57dc2c-1a1a-41ea-9d1d-db655e619d61/_packaging/1982746b-8f15-47cb-9c07-236d7c6f383e/pypi/download/packaging/25/packaging-25.0-py3-none-any.whl", hash = "sha256:29572ef2b1f17581046b3a2227d5c611fb25ec70ca1ba8554b24b0e69331a484" },
]

[[package]]
name = "pandas"
version = "2.3.3"
source = { registry = "https://pkgs.dev.azure.com/meretringwald/private-feed/_packaging/private-packages/pypi/simple/" }
dependencies = [
    { name = "numpy" },
    { name = "python-dateutil" },
    { name = "pytz" },
    { name = "tzdata" },
]
wheels = [
    { url = "https://pkgs.dev.azure.com/meretringwald/cf57dc2c-1a1a-41ea-9d1d-db655e619d61/_packaging/1982746b-8f15-47cb-9c07-236d7c6f383e/pypi/download/pandas/2.3.3/pandas-2.3.3-cp312-cp312-macosx_11_0_arm64.whl", hash = "sha256:3fd2f887589c7aa868e02632612ba39acb0b8948faf5cc58f0850e165bd46f35" },
]

[[package]]
name = "parsedatetime"
version = "2.6"
source = { registry = "https://pkgs.dev.azure.com/meretringwald/private-feed/_packaging/private-packages/pypi/simple/" }
wheels = [
    { url = "https://pkgs.dev.azure.com/meretringwald/cf57dc2c-1a1a-41ea-9d1d-db655e619d61/_packaging/1982746b-8f15-47cb-9c07-236d7c6f383e/pypi/download/parsedatetime/2.6/parsedatetime-2.6-py3-none-any.whl", hash = "sha256:cb96edd7016872f58479e35879294258c71437195760746faffedb692aef000b" },
]

[[package]]
name = "pathspec"
version = "0.12.1"
source = { registry = "https://pkgs.dev.azure.com/meretringwald/private-feed/_packaging/private-packages/pypi/simple/" }
wheels = [
    { url = "https://pkgs.dev.azure.com/meretringwald/cf57dc2c-1a1a-41ea-9d1d-db655e619d61/_packaging/1982746b-8f15-47cb-9c07-236d7c6f383e/pypi/download/pathspec/0.12.1/pathspec-0.12.1-py3-none-any.whl", hash = "sha256:a0d503e138a4c123b27490a4f7beda6a01c6f288df0e4a8b79c7eb0dc7b4cc08" },
]

[[package]]
name = "protobuf"
version = "6.33.6"
source = { registry = "https://pkgs.dev.azure.com/meretringwald/private-feed/_packaging/private-packages/pypi/simple/" }
wheels = [
    { url = "https://pkgs.dev.azure.com/meretringwald/cf57dc2c-1a1a-41ea-9d1d-db655e619d61/_packaging/1982746b-8f15-47cb-9c07-236d7c6f383e/pypi/download/protobuf/6.33.6/protobuf-6.33.6-cp39-abi3-macosx_10_9_universal2.whl", hash = "sha256:9720e6961b251bde64edfdab7d500725a2af5280f3f4c87e57c0208376aa8c3a" },
    { url = "https://pkgs.dev.azure.com/meretringwald/cf57dc2c-1a1a-41ea-9d1d-db655e619d61/_packaging/1982746b-8f15-47cb-9c07-236d7c6f383e/pypi/download/protobuf/6.33.6/protobuf-6.33.6-cp39-abi3-manylinux2014_x86_64.whl", hash = "sha256:e9db7e292e0ab79dd108d7f1a94fe31601ce1ee3f7b79e0692043423020b0593" },
]

[[package]]
name = "pyarrow"
version = "24.0.0"
source = { registry = "https://pkgs.dev.azure.com/meretringwald/private-feed/_packaging/private-packages/pypi/simple/" }
wheels = [
    { url = "https://pkgs.dev.azure.com/meretringwald/cf57dc2c-1a1a-41ea-9d1d-db655e619d61/_packaging/1982746b-8f15-47cb-9c07-236d7c6f383e/pypi/download/pyarrow/24/pyarrow-24.0.0-cp312-cp312-macosx_12_0_arm64.whl", hash = "sha256:6233c9ed9ab9d1db47de57d9753256d9dcffbf42db341576099f0fd9f6bf4810" },
    { url = "https://pkgs.dev.azure.com/meretringwald/cf57dc2c-1a1a-41ea-9d1d-db655e619d61/_packaging/1982746b-8f15-47cb-9c07-236d7c6f383e/pypi/download/pyarrow/24/pyarrow-24.0.0-cp312-cp312-manylinux_2_28_x86_64.whl", hash = "sha256:6165461f55ef6314f026de6638d661188e3455d3ec49834556a0ebbdbace18bb" },
]

[[package]]
name = "pyasn1"
version = "0.6.3"
source = { registry = "https://pkgs.dev.azure.com/meretringwald/private-feed/_packaging/private-packages/pypi/simple/" }
wheels = [
    { url = "https://pkgs.dev.azure.com/meretringwald/cf57dc2c-1a1a-41ea-9d1d-db655e619d61/_packaging/1982746b-8f15-47cb-9c07-236d7c6f383e/pypi/download/pyasn1/0.6.3/pyasn1-0.6.3-py3-none-any.whl", hash = "sha256:a80184d120f0864a52a073acc6fc642847d0be408e7c7252f31390c0f4eadcde" },
]

[[package]]
name = "pyasn1-modules"
version = "0.4.2"
source = { registry = "https://pkgs.dev.azure.com/meretringwald/private-feed/_packaging/private-packages/pypi/simple/" }
dependencies = [
    { name = "pyasn1" },
]
wheels = [
    { url = "https://pkgs.dev.azure.com/meretringwald/cf57dc2c-1a1a-41ea-9d1d-db655e619d61/_packaging/1982746b-8f15-47cb-9c07-236d7c6f383e/pypi/download/pyasn1-modules/0.4.2/pyasn1_modules-0.4.2-py3-none-any.whl", hash = "sha256:29253a9207ce32b64c3ac6600edc75368f98473906e8fd1043bd6b5b1de2c14a" },
]

[[package]]
name = "pybreaker"
version = "1.4.1"
source = { registry = "https://pkgs.dev.azure.com/meretringwald/private-feed/_packaging/private-packages/pypi/simple/" }
wheels = [
    { url = "https://pkgs.dev.azure.com/meretringwald/cf57dc2c-1a1a-41ea-9d1d-db655e619d61/_packaging/1982746b-8f15-47cb-9c07-236d7c6f383e/pypi/download/pybreaker/1.4.1/pybreaker-1.4.1-py3-none-any.whl", hash = "sha256:b4dab4a05195b7f2a64a6c1a6c4ba7a96534ef56ea7210e6bcb59f28897160e0" },
]

[[package]]
name = "pycparser"
version = "3.0"
source = { registry = "https://pkgs.dev.azure.com/meretringwald/private-feed/_packaging/private-packages/pypi/simple/" }
wheels = [
    { url = "https://pkgs.dev.azure.com/meretringwald/cf57dc2c-1a1a-41ea-9d1d-db655e619d61/_packaging/1982746b-8f15-47cb-9c07-236d7c6f383e/pypi/download/pycparser/3/pycparser-3.0-py3-none-any.whl", hash = "sha256:b727414169a36b7d524c1c3e31839a521725078d7b2ff038656844266160a992" },
]

[[package]]
name = "pydantic"
version = "2.12.5"
source = { registry = "https://pkgs.dev.azure.com/meretringwald/private-feed/_packaging/private-packages/pypi/simple/" }
dependencies = [
    { name = "annotated-types" },
    { name = "pydantic-core" },
    { name = "typing-extensions" },
    { name = "typing-inspection" },
]
wheels = [
    { url = "https://pkgs.dev.azure.com/meretringwald/cf57dc2c-1a1a-41ea-9d1d-db655e619d61/_packaging/1982746b-8f15-47cb-9c07-236d7c6f383e/pypi/download/pydantic/2.12.5/pydantic-2.12.5-py3-none-any.whl", hash = "sha256:e561593fccf61e8a20fc46dfc2dfe075b8be7d0188df33f221ad1f0139180f9d" },
]

[[package]]
name = "pydantic-core"
version = "2.41.5"
source = { registry = "https://pkgs.dev.azure.com/meretringwald/private-feed/_packaging/private-packages/pypi/simple/" }
dependencies = [
    { name = "typing-extensions" },
]
wheels = [
    { url = "https://pkgs.dev.azure.com/meretringwald/cf57dc2c-1a1a-41ea-9d1d-db655e619d61/_packaging/1982746b-8f15-47cb-9c07-236d7c6f383e/pypi/download/pydantic-core/2.41.5/pydantic_core-2.41.5-cp312-cp312-macosx_11_0_arm64.whl", hash = "sha256:070259a8818988b9a84a449a2a7337c7f430a22acc0859c6b110aa7212a6d9c0" },
    { url = "https://pkgs.dev.azure.com/meretringwald/cf57dc2c-1a1a-41ea-9d1d-db655e619d61/_packaging/1982746b-8f15-47cb-9c07-236d7c6f383e/pypi/download/pydantic-core/2.41.5/pydantic_core-2.41.5-cp312-cp312-manylinux_2_17_x86_64.manylinux2014_x86_64.whl", hash = "sha256:eceb81a8d74f9267ef4081e246ffd6d129da5d87e37a77c9bde550cb04870c1c" },
]

[[package]]
name = "pyjwt"
version = "2.13.0"
source = { registry = "https://pkgs.dev.azure.com/meretringwald/private-feed/_packaging/private-packages/pypi/simple/" }
wheels = [
    { url = "https://pkgs.dev.azure.com/meretringwald/cf57dc2c-1a1a-41ea-9d1d-db655e619d61/_packaging/1982746b-8f15-47cb-9c07-236d7c6f383e/pypi/download/pyjwt/2.13/pyjwt-2.13.0-py3-none-any.whl", hash = "sha256:66adcc2aff09b3f1bbd95fc1e1577df8ac8723c978552fd43304c8a290ac5728" },
]

[[package]]
name = "python-dateutil"
version = "2.9.0.post0"
source = { registry = "https://pkgs.dev.azure.com/meretringwald/private-feed/_packaging/private-packages/pypi/simple/" }
dependencies = [
    { name = "six" },
]
wheels = [
    { url = "https://pkgs.dev.azure.com/meretringwald/cf57dc2c-1a1a-41ea-9d1d-db655e619d61/_packaging/1982746b-8f15-47cb-9c07-236d7c6f383e/pypi/download/python-dateutil/2.9.post0/python_dateutil-2.9.0.post0-py2.py3-none-any.whl", hash = "sha256:a8b2bc7bffae282281c8140a97d3aa9c14da0b136dfe83f850eea9a5f7470427" },
]

[[package]]
name = "python-slugify"
version = "8.0.4"
source = { registry = "https://pkgs.dev.azure.com/meretringwald/private-feed/_packaging/private-packages/pypi/simple/" }
dependencies = [
    { name = "text-unidecode" },
]
wheels = [
    { url = "https://pkgs.dev.azure.com/meretringwald/cf57dc2c-1a1a-41ea-9d1d-db655e619d61/_packaging/1982746b-8f15-47cb-9c07-236d7c6f383e/pypi/download/python-slugify/8.0.4/python_slugify-8.0.4-py2.py3-none-any.whl", hash = "sha256:276540b79961052b66b7d116620b36518847f52d5fd9e3a70164fc8c50faa6b8" },
]

[[package]]
name = "pytimeparse"
version = "1.1.8"
source = { registry = "https://pkgs.dev.azure.com/meretringwald/private-feed/_packaging/private-packages/pypi/simple/" }
wheels = [
    { url = "https://pkgs.dev.azure.com/meretringwald/cf57dc2c-1a1a-41ea-9d1d-db655e619d61/_packaging/1982746b-8f15-47cb-9c07-236d7c6f383e/pypi/download/pytimeparse/1.1.8/pytimeparse-1.1.8-py2.py3-none-any.whl", hash = "sha256:04b7be6cc8bd9f5647a6325444926c3ac34ee6bc7e69da4367ba282f076036bd" },
]

[[package]]
name = "pytz"
version = "2026.2"
source = { registry = "https://pkgs.dev.azure.com/meretringwald/private-feed/_packaging/private-packages/pypi/simple/" }
wheels = [
    { url = "https://pkgs.dev.azure.com/meretringwald/cf57dc2c-1a1a-41ea-9d1d-db655e619d61/_packaging/1982746b-8f15-47cb-9c07-236d7c6f383e/pypi/download/pytz/2026.2/pytz-2026.2-py2.py3-none-any.whl", hash = "sha256:04156e608bee23d3792fd45c94ae47fae1036688e75032eea2e3bf0323d1f126" },
]

[[package]]
name = "pywin32-ctypes"
version = "0.2.3"
source = { registry = "https://pypi.org/simple" }
sdist = { url = "https://files.pythonhosted.org/packages/85/9f/01a1a99704853cb63f253eea009390c88e7131c67e66a0a02099a8c917cb/pywin32-ctypes-0.2.3.tar.gz", hash = "sha256:d162dc04946d704503b2edc4d55f3dba5c1d539ead017afa00142c38b9885755", size = 29471, upload-time = "2024-08-14T10:15:34.626Z" }
wheels = [
    { url = "https://files.pythonhosted.org/packages/de/3d/8161f7711c017e01ac9f008dfddd9410dff3674334c233bde66e7ba65bbf/pywin32_ctypes-0.2.3-py3-none-any.whl", hash = "sha256:8a1513379d709975552d202d942d9837758905c8d01eb82b8bcc30918929e7b8", size = 30756, upload-time = "2024-08-14T10:15:33.187Z" },
]

[[package]]
name = "pyyaml"
version = "6.0.3"
source = { registry = "https://pkgs.dev.azure.com/meretringwald/private-feed/_packaging/private-packages/pypi/simple/" }
wheels = [
    { url = "https://pkgs.dev.azure.com/meretringwald/cf57dc2c-1a1a-41ea-9d1d-db655e619d61/_packaging/1982746b-8f15-47cb-9c07-236d7c6f383e/pypi/download/pyyaml/6.0.3/pyyaml-6.0.3-cp312-cp312-macosx_11_0_arm64.whl", hash = "sha256:fc09d0aa354569bc501d4e787133afc08552722d3ab34836a80547331bb5d4a0" },
    { url = "https://pkgs.dev.azure.com/meretringwald/cf57dc2c-1a1a-41ea-9d1d-db655e619d61/_packaging/1982746b-8f15-47cb-9c07-236d7c6f383e/pypi/download/pyyaml/6.0.3/pyyaml-6.0.3-cp312-cp312-manylinux2014_x86_64.manylinux_2_17_x86_64.manylinux_2_28_x86_64.whl", hash = "sha256:ba1cc08a7ccde2d2ec775841541641e4548226580ab850948cbfda66a1befcdc" },
]

[[package]]
name = "referencing"
version = "0.37.0"
source = { registry = "https://pkgs.dev.azure.com/meretringwald/private-feed/_packaging/private-packages/pypi/simple/" }
dependencies = [
    { name = "attrs" },
    { name = "rpds-py" },
    { name = "typing-extensions" },
]
wheels = [
    { url = "https://pkgs.dev.azure.com/meretringwald/cf57dc2c-1a1a-41ea-9d1d-db655e619d61/_packaging/1982746b-8f15-47cb-9c07-236d7c6f383e/pypi/download/referencing/0.37/referencing-0.37.0-py3-none-any.whl", hash = "sha256:381329a9f99628c9069361716891d34ad94af76e461dcb0335825aecc7692231" },
]

[[package]]
name = "requests"
version = "2.34.2"
source = { registry = "https://pkgs.dev.azure.com/meretringwald/private-feed/_packaging/private-packages/pypi/simple/" }
dependencies = [
    { name = "certifi" },
    { name = "charset-normalizer" },
    { name = "idna" },
    { name = "urllib3" },
]
wheels = [
    { url = "https://pkgs.dev.azure.com/meretringwald/cf57dc2c-1a1a-41ea-9d1d-db655e619d61/_packaging/1982746b-8f15-47cb-9c07-236d7c6f383e/pypi/download/requests/2.34.2/requests-2.34.2-py3-none-any.whl", hash = "sha256:2a0d60c172f83ac6ab31e4554906c0f3b3588d37b5cb939b1c061f4907e278e0" },
]

[[package]]
name = "rpds-py"
version = "2026.5.1"
source = { registry = "https://pkgs.dev.azure.com/meretringwald/private-feed/_packaging/private-packages/pypi/simple/" }
wheels = [
    { url = "https://pkgs.dev.azure.com/meretringwald/cf57dc2c-1a1a-41ea-9d1d-db655e619d61/_packaging/1982746b-8f15-47cb-9c07-236d7c6f383e/pypi/download/rpds-py/2026.5.1/rpds_py-2026.5.1-cp312-cp312-macosx_11_0_arm64.whl", hash = "sha256:58b1d94308ddf0b1982f61f2eb54bf92997c9ece8a8093ef014250f4a517906c" },
    { url = "https://pkgs.dev.azure.com/meretringwald/cf57dc2c-1a1a-41ea-9d1d-db655e619d61/_packaging/1982746b-8f15-47cb-9c07-236d7c6f383e/pypi/download/rpds-py/2026.5.1/rpds_py-2026.5.1-cp312-cp312-manylinux_2_17_x86_64.manylinux2014_x86_64.whl", hash = "sha256:b6825cc329b290e93c5f6a9be2393118a763f6ccf6abd83704e0c102ca583644" },
]

[[package]]
name = "ruff"
version = "0.15.16"
source = { registry = "https://pkgs.dev.azure.com/meretringwald/private-feed/_packaging/private-packages/pypi/simple/" }
wheels = [
    { url = "https://pkgs.dev.azure.com/meretringwald/cf57dc2c-1a1a-41ea-9d1d-db655e619d61/_packaging/1982746b-8f15-47cb-9c07-236d7c6f383e/pypi/download/ruff/0.15.16/ruff-0.15.16-py3-none-macosx_11_0_arm64.whl", hash = "sha256:3a39fec45ab316cc23e7558f23fea4a70403ddb5648ea9a4a3854a16973d0071" },
    { url = "https://pkgs.dev.azure.com/meretringwald/cf57dc2c-1a1a-41ea-9d1d-db655e619d61/_packaging/1982746b-8f15-47cb-9c07-236d7c6f383e/pypi/download/ruff/0.15.16/ruff-0.15.16-py3-none-manylinux_2_17_x86_64.manylinux2014_x86_64.whl", hash = "sha256:bb27515fa6240fb586ae82b901a59e67d24acff86f2190b433dc542fe0435aeb" },
]

[[package]]
name = "secretstorage"
version = "3.5.0"
source = { registry = "https://pkgs.dev.azure.com/meretringwald/private-feed/_packaging/private-packages/pypi/simple/" }
dependencies = [
    { name = "cryptography" },
    { name = "jeepney" },
]
wheels = [
    { url = "https://pkgs.dev.azure.com/meretringwald/cf57dc2c-1a1a-41ea-9d1d-db655e619d61/_packaging/1982746b-8f15-47cb-9c07-236d7c6f383e/pypi/download/secretstorage/3.5/secretstorage-3.5.0-py3-none-any.whl", hash = "sha256:0ce65888c0725fcb2c5bc0fdb8e5438eece02c523557ea40ce0703c266248137" },
]

[[package]]
name = "six"
version = "1.17.0"
source = { registry = "https://pkgs.dev.azure.com/meretringwald/private-feed/_packaging/private-packages/pypi/simple/" }
wheels = [
    { url = "https://pkgs.dev.azure.com/meretringwald/cf57dc2c-1a1a-41ea-9d1d-db655e619d61/_packaging/1982746b-8f15-47cb-9c07-236d7c6f383e/pypi/download/six/1.17/six-1.17.0-py2.py3-none-any.whl", hash = "sha256:4721f391ed90541fddacab5acf947aa0d3dc7d27b2e1e8eda2be8970586c3274" },
]

[[package]]
name = "snowplow-tracker"
version = "1.1.0"
source = { registry = "https://pkgs.dev.azure.com/meretringwald/private-feed/_packaging/private-packages/pypi/simple/" }
dependencies = [
    { name = "requests" },
    { name = "typing-extensions" },
]
wheels = [
    { url = "https://pkgs.dev.azure.com/meretringwald/cf57dc2c-1a1a-41ea-9d1d-db655e619d61/_packaging/1982746b-8f15-47cb-9c07-236d7c6f383e/pypi/download/snowplow-tracker/1.1/snowplow_tracker-1.1.0-py3-none-any.whl", hash = "sha256:24ea32ddac9cca547421bf9ab162f5f33c00711c6ef118ad5f78093cee962224" },
]

[[package]]
name = "sqlparams"
version = "6.2.0"
source = { registry = "https://pkgs.dev.azure.com/meretringwald/private-feed/_packaging/private-packages/pypi/simple/" }
wheels = [
    { url = "https://pkgs.dev.azure.com/meretringwald/cf57dc2c-1a1a-41ea-9d1d-db655e619d61/_packaging/1982746b-8f15-47cb-9c07-236d7c6f383e/pypi/download/sqlparams/6.2/sqlparams-6.2.0-py3-none-any.whl", hash = "sha256:63b32ed9051bdc52e7e8b38bc4f78aed51796cdd9135e730f4c6a7db1048dedf" },
]

[[package]]
name = "sqlparse"
version = "0.5.5"
source = { registry = "https://pkgs.dev.azure.com/meretringwald/private-feed/_packaging/private-packages/pypi/simple/" }
wheels = [
    { url = "https://pkgs.dev.azure.com/meretringwald/cf57dc2c-1a1a-41ea-9d1d-db655e619d61/_packaging/1982746b-8f15-47cb-9c07-236d7c6f383e/pypi/download/sqlparse/0.5.5/sqlparse-0.5.5-py3-none-any.whl", hash = "sha256:12a08b3bf3eec877c519589833aed092e2444e68240a3577e8e26148acc7b1ba" },
]

[[package]]
name = "text-unidecode"
version = "1.3"
source = { registry = "https://pkgs.dev.azure.com/meretringwald/private-feed/_packaging/private-packages/pypi/simple/" }
wheels = [
    { url = "https://pkgs.dev.azure.com/meretringwald/cf57dc2c-1a1a-41ea-9d1d-db655e619d61/_packaging/1982746b-8f15-47cb-9c07-236d7c6f383e/pypi/download/text-unidecode/1.3/text_unidecode-1.3-py2.py3-none-any.whl", hash = "sha256:1311f10e8b895935241623731c2ba64f4c455287888b18189350b67134a822e8" },
]

[[package]]
name = "thrift"
version = "0.22.0"
source = { registry = "https://pkgs.dev.azure.com/meretringwald/private-feed/_packaging/private-packages/pypi/simple/" }
sdist = { url = "https://pkgs.dev.azure.com/meretringwald/cf57dc2c-1a1a-41ea-9d1d-db655e619d61/_packaging/1982746b-8f15-47cb-9c07-236d7c6f383e/pypi/download/thrift/0.22/thrift-0.22.0.tar.gz", hash = "sha256:42e8276afbd5f54fe1d364858b6877bc5e5a4a5ed69f6a005b94ca4918fe1466" }

[[package]]
name = "typing-extensions"
version = "4.15.0"
source = { registry = "https://pkgs.dev.azure.com/meretringwald/private-feed/_packaging/private-packages/pypi/simple/" }
wheels = [
    { url = "https://pkgs.dev.azure.com/meretringwald/cf57dc2c-1a1a-41ea-9d1d-db655e619d61/_packaging/1982746b-8f15-47cb-9c07-236d7c6f383e/pypi/download/typing-extensions/4.15/typing_extensions-4.15.0-py3-none-any.whl", hash = "sha256:f0fa19c6845758ab08074a0cfa8b7aecb71c999ca73d62883bc25cc018c4e548" },
]

[[package]]
name = "typing-inspection"
version = "0.4.2"
source = { registry = "https://pkgs.dev.azure.com/meretringwald/private-feed/_packaging/private-packages/pypi/simple/" }
dependencies = [
    { name = "typing-extensions" },
]
wheels = [
    { url = "https://pkgs.dev.azure.com/meretringwald/cf57dc2c-1a1a-41ea-9d1d-db655e619d61/_packaging/1982746b-8f15-47cb-9c07-236d7c6f383e/pypi/download/typing-inspection/0.4.2/typing_inspection-0.4.2-py3-none-any.whl", hash = "sha256:4ed1cacbdc298c220f1bd249ed5287caa16f34d44ef4e9c3d0cbad5b521545e7" },
]

[[package]]
name = "tzdata"
version = "2026.2"
source = { registry = "https://pkgs.dev.azure.com/meretringwald/private-feed/_packaging/private-packages/pypi/simple/" }
wheels = [
    { url = "https://pkgs.dev.azure.com/meretringwald/cf57dc2c-1a1a-41ea-9d1d-db655e619d61/_packaging/1982746b-8f15-47cb-9c07-236d7c6f383e/pypi/download/tzdata/2026.2/tzdata-2026.2-py2.py3-none-any.whl", hash = "sha256:bbe9af844f658da81a5f95019480da3a89415801f6cc966806612cc7169bffe7" },
]

[[package]]
name = "urllib3"
version = "2.7.0"
source = { registry = "https://pkgs.dev.azure.com/meretringwald/private-feed/_packaging/private-packages/pypi/simple/" }
wheels = [
    { url = "https://pkgs.dev.azure.com/meretringwald/cf57dc2c-1a1a-41ea-9d1d-db655e619d61/_packaging/1982746b-8f15-47cb-9c07-236d7c6f383e/pypi/download/urllib3/2.7/urllib3-2.7.0-py3-none-any.whl", hash = "sha256:9fb4c81ebbb1ce9531cce37674bbc6f1360472bc18ca9a553ede278ef7276897" },
]

[[package]]
name = "zipp"
version = "4.1.0"
source = { registry = "https://pkgs.dev.azure.com/meretringwald/private-feed/_packaging/private-packages/pypi/simple/" }
wheels = [
    { url = "https://pkgs.dev.azure.com/meretringwald/cf57dc2c-1a1a-41ea-9d1d-db655e619d61/_packaging/1982746b-8f15-47cb-9c07-236d7c6f383e/pypi/download/zipp/4.1/zipp-4.1.0-py3-none-any.whl", hash = "sha256:25ad4e16390cd314347dd8f1de67a2ac538ae658ed4ab9db16029c07c188e97f" },
]
